
Microsoft Visual Studio Solution File, Format Version 12.00
# Visual Studio Version 17
VisualStudioVersion = 17.1.32328.378
MinimumVisualStudioVersion = 10.0.40219.1
Project("{FAE04EC0-301F-11D3-BF4B-00C04F79EFBC}") = "RoomBookingApp.Core.Tests", "RoomBookingApp.Core.Tests\RoomBookingApp.Core.Tests.csproj", "{64C0275C-8059-4C47-819C-4F4A5AEE6636}"
EndProject
Global
	GlobalSection(SolutionConfigurationPlatforms) = preSolution
		Debug|Any CPU = Debug|Any CPU
		Release|Any CPU = Release|Any CPU
	EndGlobalSection
	GlobalSection(ProjectConfigurationPlatforms) = postSolution
		{64C0275C-8059-4C47-819C-4F4A5AEE6636}.Debug|Any CPU.ActiveCfg = Debug|Any CPU
		{64C0275C-8059-4C47-819C-4F4A5AEE6636}.Debug|Any CPU.Build.0 = Debug|Any CPU
		{64C0275C-8059-4C47-819C-4F4A5AEE6636}.Release|Any CPU.ActiveCfg = Release|Any CPU
		{64C0275C-8059-4C47-819C-4F4A5AEE6636}.Release|Any CPU.Build.0 = Release|Any CPU
	EndGlobalSection
	GlobalSection(SolutionProperties) = preSolution
		HideSolutionNode = FALSE
	EndGlobalSection
	GlobalSection(ExtensibilityGlobals) = postSolution
		SolutionGuid = {F6FE92CC-AD57-413B-8123-6AE67C282FA2}
	EndGlobalSection
EndGlobal
